
Microsoft Visual Studio Solution File, Format Version 12.00
# Visual Studio Version 16
VisualStudioVersion = 16.0.31402.337
MinimumVisualStudioVersion = 10.0.40219.1
Project("{FAE04EC0-301F-11D3-BF4B-00C04F79EFBC}") = "MotoCompany", "MotoCompany.csproj", "{5D308B77-FE29-4828-A915-AEB5C1F5CFFB}"
EndProject
Global
	GlobalSection(SolutionConfigurationPlatforms) = preSolution
		Debug|Any CPU = Debug|Any CPU
		Release|Any CPU = Release|Any CPU
	EndGlobalSection
	GlobalSection(ProjectConfigurationPlatforms) = postSolution
		{5D308B77-FE29-4828-A915-AEB5C1F5CFFB}.Debug|Any CPU.ActiveCfg = Debug|Any CPU
		{5D308B77-FE29-4828-A915-AEB5C1F5CFFB}.Debug|Any CPU.Build.0 = Debug|Any CPU
		{5D308B77-FE29-4828-A915-AEB5C1F5CFFB}.Release|Any CPU.ActiveCfg = Release|Any CPU
		{5D308B77-FE29-4828-A915-AEB5C1F5CFFB}.Release|Any CPU.Build.0 = Release|Any CPU
	EndGlobalSection
	GlobalSection(SolutionProperties) = preSolution
		HideSolutionNode = FALSE
	EndGlobalSection
	GlobalSection(ExtensibilityGlobals) = postSolution
		SolutionGuid = {09F81AD5-D908-4010-B0E0-40F49D7E65FE}
	EndGlobalSection
EndGlobal
